// !$*UTF8*$!
{
	archiveVersion = 1;
	classes = {
	};
	objectVersion = 56;
	objects = {

/* Begin PBXBuildFile section */
		7077D6172AB421DE00CB292C /* Cubstart_DemoApp.swift in Sources */ = {isa = PBXBuildFile; fileRef = 7077D6162AB421DE00CB292C /* Cubstart_DemoApp.swift */; };
		7077D6192AB421DE00CB292C /* ContentView.swift in Sources */ = {isa = PBXBuildFile; fileRef = 7077D6182AB421DE00CB292C /* ContentView.swift */; };
		7077D61B2AB421E300CB292C /* Assets.xcassets in Resources */ = {isa = PBXBuildFile; fileRef = 7077D61A2AB421E300CB292C /* Assets.xcassets */; };
		7077D61F2AB421E300CB292C /* Preview Assets.xcassets in Resources */ = {isa = PBXBuildFile; fileRef = 7077D61E2AB421E300CB292C /* Preview Assets.xcassets */; };
		7077D6292AB421E400CB292C /* Cubstart_DemoTests.swift in Sources */ = {isa = PBXBuildFile; fileRef = 7077D6282AB421E400CB292C /* Cubstart_DemoTests.swift */; };
		7077D6332AB421E400CB292C /* Cubstart_DemoUITests.swift in Sources */ = {isa = PBXBuildFile; fileRef = 7077D6322AB421E400CB292C /* Cubstart_DemoUITests.swift */; };
		7077D6352AB421E400CB292C /* Cubstart_DemoUITestsLaunchTests.swift in Sources */ = {isa = PBXBuildFile; fileRef = 7077D6342AB421E400CB292C /* Cubstart_DemoUITestsLaunchTests.swift */; };
/* End PBXBuildFile section */

/* Begin PBXContainerItemProxy section */
		7077D6252AB421E400CB292C /* PBXContainerItemProxy */ = {
			isa = PBXContainerItemProxy;
			containerPortal = 7077D60B2AB421DE00CB292C /* Project object */;
			proxyType = 1;
			remoteGlobalIDString = 7077D6122AB421DE00CB292C;
			remoteInfo = "Cubstart Demo";
		};
		7077D62F2AB421E400CB292C /* PBXContainerItemProxy */ = {
			isa = PBXContainerItemProxy;
			containerPortal = 7077D60B2AB421DE00CB292C /* Project object */;
			proxyType = 1;
			remoteGlobalIDString = 7077D6122AB421DE00CB292C;
			remoteInfo = "Cubstart Demo";
		};
/* End PBXContainerItemProxy section */

/* Begin PBXFileReference section */
		7077D6132AB421DE00CB292C /* Cubstart Demo.app */ = {isa = PBXFileReference; explicitFileType = wrapper.application; includeInIndex = 0; path = "Cubstart Demo.app"; sourceTree = BUILT_PRODUCTS_DIR; };
		7077D6162AB421DE00CB292C /* Cubstart_DemoApp.swift */ = {isa = PBXFileReference; lastKnownFileType = sourcecode.swift; path = Cubstart_DemoApp.swift; sourceTree = "<group>"; };
		7077D6182AB421DE00CB292C /* ContentView.swift */ = {isa = PBXFileReference; lastKnownFileType = sourcecode.swift; path = ContentView.swift; sourceTree = "<group>"; };
		7077D61A2AB421E300CB292C /* Assets.xcassets */ = {isa = PBXFileReference; lastKnownFileType = folder.assetcatalog; path = Assets.xcassets; sourceTree = "<group>"; };
		7077D61C2AB421E300CB292C /* Cubstart_Demo.entitlements */ = {isa = PBXFileReference; lastKnownFileType = text.plist.entitlements; path = Cubstart_Demo.entitlements; sourceTree = "<group>"; };
		7077D61E2AB421E300CB292C /* Preview Assets.xcassets */ = {isa = PBXFileReference; lastKnownFileType = folder.assetcatalog; path = "Preview Assets.xcassets"; sourceTree = "<group>"; };
		7077D6242AB421E400CB292C /* Cubstart DemoTests.xctest */ = {isa = PBXFileReference; explicitFileType = wrapper.cfbundle; includeInIndex = 0; path = "Cubstart DemoTests.xctest"; sourceTree = BUILT_PRODUCTS_DIR; };
		7077D6282AB421E400CB292C /* Cubstart_DemoTests.swift */ = {isa = PBXFileReference; lastKnownFileType = sourcecode.swift; path = Cubstart_DemoTests.swift; sourceTree = "<group>"; };
		7077D62E2AB421E400CB292C /* Cubstart DemoUITests.xctest */ = {isa = PBXFileReference; explicitFileType = wrapper.cfbundle; includeInIndex = 0; path = "Cubstart DemoUITests.xctest"; sourceTree = BUILT_PRODUCTS_DIR; };
		7077D6322AB421E400CB292C /* Cubstart_DemoUITests.swift */ = {isa = PBXFileReference; lastKnownFileType = sourcecode.swift; path = Cubstart_DemoUITests.swift; sourceTree = "<group>"; };
		7077D6342AB421E400CB292C /* Cubstart_DemoUITestsLaunchTests.swift */ = {isa = PBXFileReference; lastKnownFileType = sourcecode.swift; path = Cubstart_DemoUITestsLaunchTests.swift; sourceTree = "<group>"; };
/* End PBXFileReference section */

/* Begin PBXFrameworksBuildPhase section */
		7077D6102AB421DE00CB292C /* Frameworks */ = {
			isa = PBXFrameworksBuildPhase;
			buildActionMask = 2147483647;
			files = (
			);
			runOnlyForDeploymentPostprocessing = 0;
		};
		7077D6212AB421E400CB292C /* Frameworks */ = {
			isa = PBXFrameworksBuildPhase;
			buildActionMask = 2147483647;
			files = (
			);
			runOnlyForDeploymentPostprocessing = 0;
		};
		7077D62B2AB421E400CB292C /* Frameworks */ = {
			isa = PBXFrameworksBuildPhase;
			buildActionMask = 2147483647;
			files = (
			);
			runOnlyForDeploymentPostprocessing = 0;
		};
/* End PBXFrameworksBuildPhase section */

/* Begin PBXGroup section */
		7077D60A2AB421DE00CB292C = {
			isa = PBXGroup;
			children = (
				7077D6152AB421DE00CB292C /* Cubstart Demo */,
				7077D6272AB421E400CB292C /* Cubstart DemoTests */,
				7077D6312AB421E400CB292C /* Cubstart DemoUITests */,
				7077D6142AB421DE00CB292C /* Products */,
			);
			sourceTree = "<group>";
		};
		7077D6142AB421DE00CB292C /* Products */ = {
			isa = PBXGroup;
			children = (
				7077D6132AB421DE00CB292C /* Cubstart Demo.app */,
				7077D6242AB421E400CB292C /* Cubstart DemoTests.xctest */,
				7077D62E2AB421E400CB292C /* Cubstart DemoUITests.xctest */,
			);
			name = Products;
			sourceTree = "<group>";
		};
		7077D6152AB421DE00CB292C /* Cubstart Demo */ = {
			isa = PBXGroup;
			children = (
				7077D6162AB421DE00CB292C /* Cubstart_DemoApp.swift */,
				7077D6182AB421DE00CB292C /* ContentView.swift */,
				7077D61A2AB421E300CB292C /* Assets.xcassets */,
				7077D61C2AB421E300CB292C /* Cubstart_Demo.entitlements */,
				7077D61D2AB421E300CB292C /* Preview Content */,
			);
			path = "Cubstart Demo";
			sourceTree = "<group>";
		};
		7077D61D2AB421E300CB292C /* Preview Content */ = {
			isa = PBXGroup;
			children = (
				7077D61E2AB421E300CB292C /* Preview Assets.xcassets */,
			);
			path = "Preview Content";
			sourceTree = "<group>";
		};
		7077D6272AB421E400CB292C /* Cubstart DemoTests */ = {
			isa = PBXGroup;
			children = (
				7077D6282AB421E400CB292C /* Cubstart_DemoTests.swift */,
			);
			path = "Cubstart DemoTests";
			sourceTree = "<group>";
		};
		7077D6312AB421E400CB292C /* Cubstart DemoUITests */ = {
			isa = PBXGroup;
			children = (
				7077D6322AB421E400CB292C /* Cubstart_DemoUITests.swift */,
				7077D6342AB421E400CB292C /* Cubstart_DemoUITestsLaunchTests.swift */,
			);
			path = "Cubstart DemoUITests";
			sourceTree = "<group>";
		};
/* End PBXGroup section */

/* Begin PBXNativeTarget section */
		7077D6122AB421DE00CB292C /* Cubstart Demo */ = {
			isa = PBXNativeTarget;
			buildConfigurationList = 7077D6382AB421E400CB292C /* Build configuration list for PBXNativeTarget "Cubstart Demo" */;
			buildPhases = (
				7077D60F2AB421DE00CB292C /* Sources */,
				7077D6102AB421DE00CB292C /* Frameworks */,
				7077D6112AB421DE00CB292C /* Resources */,
			);
			buildRules = (
			);
			dependencies = (
			);
			name = "Cubstart Demo";
			productName = "Cubstart Demo";
			productReference = 7077D6132AB421DE00CB292C /* Cubstart Demo.app */;
			productType = "com.apple.product-type.application";
		};
		7077D6232AB421E400CB292C /* Cubstart DemoTests */ = {
			isa = PBXNativeTarget;
			buildConfigurationList = 7077D63B2AB421E400CB292C /* Build configuration list for PBXNativeTarget "Cubstart DemoTests" */;
			buildPhases = (
				7077D6202AB421E400CB292C /* Sources */,
				7077D6212AB421E400CB292C /* Frameworks */,
				7077D6222AB421E400CB292C /* Resources */,
			);
			buildRules = (
			);
			dependencies = (
				7077D6262AB421E400CB292C /* PBXTargetDependency */,
			);
			name = "Cubstart DemoTests";
			productName = "Cubstart DemoTests";
			productReference = 7077D6242AB421E400CB292C /* Cubstart DemoTests.xctest */;
			productType = "com.apple.product-type.bundle.unit-test";
		};
		7077D62D2AB421E400CB292C /* Cubstart DemoUITests */ = {
			isa = PBXNativeTarget;
			buildConfigurationList = 7077D63E2AB421E400CB292C /* Build configuration list for PBXNativeTarget "Cubstart DemoUITests" */;
			buildPhases = (
				7077D62A2AB421E400CB292C /* Sources */,
				7077D62B2AB421E400CB292C /* Frameworks */,
				7077D62C2AB421E400CB292C /* Resources */,
			);
			buildRules = (
			);
			dependencies = (
				7077D6302AB421E400CB292C /* PBXTargetDependency */,
			);
			name = "Cubstart DemoUITests";
			productName = "Cubstart DemoUITests";
			productReference = 7077D62E2AB421E400CB292C /* Cubstart DemoUITests.xctest */;
			productType = "com.apple.product-type.bundle.ui-testing";
		};
/* End PBXNativeTarget section */

/* Begin PBXProject section */
		7077D60B2AB421DE00CB292C /* Project object */ = {
			isa = PBXProject;
			attributes = {
				BuildIndependentTargetsInParallel = 1;
				LastSwiftUpdateCheck = 1430;
				LastUpgradeCheck = 1430;
				TargetAttributes = {
					7077D6122AB421DE00CB292C = {
						CreatedOnToolsVersion = 14.3.1;
					};
					7077D6232AB421E400CB292C = {
						CreatedOnToolsVersion = 14.3.1;
						TestTargetID = 7077D6122AB421DE00CB292C;
					};
					7077D62D2AB421E400CB292C = {
						CreatedOnToolsVersion = 14.3.1;
						TestTargetID = 7077D6122AB421DE00CB292C;
					};
				};
			};
			buildConfigurationList = 7077D60E2AB421DE00CB292C /* Build configuration list for PBXProject "Cubstart Demo" */;
			compatibilityVersion = "Xcode 14.0";
			developmentRegion = en;
			hasScannedForEncodings = 0;
			knownRegions = (
				en,
				Base,
			);
			mainGroup = 7077D60A2AB421DE00CB292C;
			productRefGroup = 7077D6142AB421DE00CB292C /* Products */;
			projectDirPath = "";
			projectRoot = "";
			targets = (
				7077D6122AB421DE00CB292C /* Cubstart Demo */,
				7077D6232AB421E400CB292C /* Cubstart DemoTests */,
				7077D62D2AB421E400CB292C /* Cubstart DemoUITests */,
			);
		};
/* End PBXProject section */

/* Begin PBXResourcesBuildPhase section */
		7077D6112AB421DE00CB292C /* Resources */ = {
			isa = PBXResourcesBuildPhase;
			buildActionMask = 2147483647;
			files = (
				7077D61F2AB421E300CB292C /* Preview Assets.xcassets in Resources */,
				7077D61B2AB421E300CB292C /* Assets.xcassets in Resources */,
			);
			runOnlyForDeploymentPostprocessing = 0;
		};
		7077D6222AB421E400CB292C /* Resources */ = {
			isa = PBXResourcesBuildPhase;
			buildActionMask = 2147483647;
			files = (
			);
			runOnlyForDeploymentPostprocessing = 0;
		};
		7077D62C2AB421E400CB292C /* Resources */ = {
			isa = PBXResourcesBuildPhase;
			buildActionMask = 2147483647;
			files = (
			);
			runOnlyForDeploymentPostprocessing = 0;
		};
/* End PBXResourcesBuildPhase section */

/* Begin PBXSourcesBuildPhase section */
		7077D60F2AB421DE00CB292C /* Sources */ = {
			isa = PBXSourcesBuildPhase;
			buildActionMask = 2147483647;
			files = (
				7077D6192AB421DE00CB292C /* ContentView.swift in Sources */,
				7077D6172AB421DE00CB292C /* Cubstart_DemoApp.swift in Sources */,
			);
			runOnlyForDeploymentPostprocessing = 0;
		};
		7077D6202AB421E400CB292C /* Sources */ = {
			isa = PBXSourcesBuildPhase;
			buildActionMask = 2147483647;
			files = (
				7077D6292AB421E400CB292C /* Cubstart_DemoTests.swift in Sources */,
			);
			runOnlyForDeploymentPostprocessing = 0;
		};
		7077D62A2AB421E400CB292C /* Sources */ = {
			isa = PBXSourcesBuildPhase;
			buildActionMask = 2147483647;
			files = (
				7077D6332AB421E400CB292C /* Cubstart_DemoUITests.swift in Sources */,
				7077D6352AB421E400CB292C /* Cubstart_DemoUITestsLaunchTests.swift in Sources */,
			);
			runOnlyForDeploymentPostprocessing = 0;
		};
/* End PBXSourcesBuildPhase section */

/* Begin PBXTargetDependency section */
		7077D6262AB421E400CB292C /* PBXTargetDependency */ = {
			isa = PBXTargetDependency;
			target = 7077D6122AB421DE00CB292C /* Cubstart Demo */;
			targetProxy = 7077D6252AB421E400CB292C /* PBXContainerItemProxy */;
		};
		7077D6302AB421E400CB292C /* PBXTargetDependency */ = {
			isa = PBXTargetDependency;
			target = 7077D6122AB421DE00CB292C /* Cubstart Demo */;
			targetProxy = 7077D62F2AB421E400CB292C /* PBXContainerItemProxy */;
		};
/* End PBXTargetDependency section */

/* Begin XCBuildConfiguration section */
		7077D6362AB421E400CB292C /* Debug */ = {
			isa = XCBuildConfiguration;
			buildSettings = {
				ALWAYS_SEARCH_USER_PATHS = NO;
				CLANG_ANALYZER_NONNULL = YES;
				CLANG_ANALYZER_NUMBER_OBJECT_CONVERSION = YES_AGGRESSIVE;
				CLANG_CXX_LANGUAGE_STANDARD = "gnu++20";
				CLANG_ENABLE_MODULES = YES;
				CLANG_ENABLE_OBJC_ARC = YES;
				CLANG_ENABLE_OBJC_WEAK = YES;
				CLANG_WARN_BLOCK_CAPTURE_AUTORELEASING = YES;
				CLANG_WARN_BOOL_CONVERSION = YES;
				CLANG_WARN_COMMA = YES;
				CLANG_WARN_CONSTANT_CONVERSION = YES;
				CLANG_WARN_DEPRECATED_OBJC_IMPLEMENTATIONS = YES;
				CLANG_WARN_DIRECT_OBJC_ISA_USAGE = YES_ERROR;
				CLANG_WARN_DOCUMENTATION_COMMENTS = YES;
				CLANG_WARN_EMPTY_BODY = YES;
				CLANG_WARN_ENUM_CONVERSION = YES;
				CLANG_WARN_INFINITE_RECURSION = YES;
				CLANG_WARN_INT_CONVERSION = YES;
				CLANG_WARN_NON_LITERAL_NULL_CONVERSION = YES;
				CLANG_WARN_OBJC_IMPLICIT_RETAIN_SELF = YES;
				CLANG_WARN_OBJC_LITERAL_CONVERSION = YES;
				CLANG_WARN_OBJC_ROOT_CLASS = YES_ERROR;
				CLANG_WARN_QUOTED_INCLUDE_IN_FRAMEWORK_HEADER = YES;
				CLANG_WARN_RANGE_LOOP_ANALYSIS = YES;
				CLANG_WARN_STRICT_PROTOTYPES = YES;
				CLANG_WARN_SUSPICIOUS_MOVE = YES;
				CLANG_WARN_UNGUARDED_AVAILABILITY = YES_AGGRESSIVE;
				CLANG_WARN_UNREACHABLE_CODE = YES;
				CLANG_WARN__DUPLICATE_METHOD_MATCH = YES;
				COPY_PHASE_STRIP = NO;
				DEBUG_INFORMATION_FORMAT = dwarf;
				ENABLE_STRICT_OBJC_MSGSEND = YES;
				ENABLE_TESTABILITY = YES;
				GCC_C_LANGUAGE_STANDARD = gnu11;
				GCC_DYNAMIC_NO_PIC = NO;
				GCC_NO_COMMON_BLOCKS = YES;
				GCC_OPTIMIZATION_LEVEL = 0;
				GCC_PREPROCESSOR_DEFINITIONS = (
					"DEBUG=1",
					"$(inherited)",
				);
				GCC_WARN_64_TO_32_BIT_CONVERSION = YES;
				GCC_WARN_ABOUT_RETURN_TYPE = YES_ERROR;
				GCC_WARN_UNDECLARED_SELECTOR = YES;
				GCC_WARN_UNINITIALIZED_AUTOS = YES_AGGRESSIVE;
				GCC_WARN_UNUSED_FUNCTION = YES;
				GCC_WARN_UNUSED_VARIABLE = YES;
				MTL_ENABLE_DEBUG_INFO = INCLUDE_SOURCE;
				MTL_FAST_MATH = YES;
				ONLY_ACTIVE_ARCH = YES;
				SWIFT_ACTIVE_COMPILATION_CONDITIONS = DEBUG;
				SWIFT_OPTIMIZATION_LEVEL = "-Onone";
			};
			name = Debug;
		};
		7077D6372AB421E400CB292C /* Release */ = {
			isa = XCBuildConfiguration;
			buildSettings = {
				ALWAYS_SEARCH_USER_PATHS = NO;
				CLANG_ANALYZER_NONNULL = YES;
				CLANG_ANALYZER_NUMBER_OBJECT_CONVERSION = YES_AGGRESSIVE;
				CLANG_CXX_LANGUAGE_STANDARD = "gnu++20";
				CLANG_ENABLE_MODULES = YES;
				CLANG_ENABLE_OBJC_ARC = YES;
				CLANG_ENABLE_OBJC_WEAK = YES;
				CLANG_WARN_BLOCK_CAPTURE_AUTORELEASING = YES;
				CLANG_WARN_BOOL_CONVERSION = YES;
				CLANG_WARN_COMMA = YES;
				CLANG_WARN_CONSTANT_CONVERSION = YES;
				CLANG_WARN_DEPRECATED_OBJC_IMPLEMENTATIONS = YES;
				CLANG_WARN_DIRECT_OBJC_ISA_USAGE = YES_ERROR;
				CLANG_WARN_DOCUMENTATION_COMMENTS = YES;
				CLANG_WARN_EMPTY_BODY = YES;
				CLANG_WARN_ENUM_CONVERSION = YES;
				CLANG_WARN_INFINITE_RECURSION = YES;
				CLANG_WARN_INT_CONVERSION = YES;
				CLANG_WARN_NON_LITERAL_NULL_CONVERSION = YES;
				CLANG_WARN_OBJC_IMPLICIT_RETAIN_SELF = YES;
				CLANG_WARN_OBJC_LITERAL_CONVERSION = YES;
				CLANG_WARN_OBJC_ROOT_CLASS = YES_ERROR;
				CLANG_WARN_QUOTED_INCLUDE_IN_FRAMEWORK_HEADER = YES;
				CLANG_WARN_RANGE_LOOP_ANALYSIS = YES;
				CLANG_WARN_STRICT_PROTOTYPES = YES;
				CLANG_WARN_SUSPICIOUS_MOVE = YES;
				CLANG_WARN_UNGUARDED_AVAILABILITY = YES_AGGRESSIVE;
				CLANG_WARN_UNREACHABLE_CODE = YES;
				CLANG_WARN__DUPLICATE_METHOD_MATCH = YES;
				COPY_PHASE_STRIP = NO;
				DEBUG_INFORMATION_FORMAT = "dwarf-with-dsym";
				ENABLE_NS_ASSERTIONS = NO;
				ENABLE_STRICT_OBJC_MSGSEND = YES;
				GCC_C_LANGUAGE_STANDARD = gnu11;
				GCC_NO_COMMON_BLOCKS = YES;
				GCC_WARN_64_TO_32_BIT_CONVERSION = YES;
				GCC_WARN_ABOUT_RETURN_TYPE = YES_ERROR;
				GCC_WARN_UNDECLARED_SELECTOR = YES;
				GCC_WARN_UNINITIALIZED_AUTOS = YES_AGGRESSIVE;
				GCC_WARN_UNUSED_FUNCTION = YES;
				GCC_WARN_UNUSED_VARIABLE = YES;
				MTL_ENABLE_DEBUG_INFO = NO;
				MTL_FAST_MATH = YES;
				SWIFT_COMPILATION_MODE = wholemodule;
				SWIFT_OPTIMIZATION_LEVEL = "-O";
			};
			name = Release;
		};
		7077D6392AB421E400CB292C /* Debug */ = {
			isa = XCBuildConfiguration;
			buildSettings = {
				ASSETCATALOG_COMPILER_APPICON_NAME = AppIcon;
				ASSETCATALOG_COMPILER_GLOBAL_ACCENT_COLOR_NAME = AccentColor;
				CODE_SIGN_ENTITLEMENTS = "Cubstart Demo/Cubstart_Demo.entitlements";
				CODE_SIGN_STYLE = Automatic;
				CURRENT_PROJECT_VERSION = 1;
				DEVELOPMENT_ASSET_PATHS = "\"Cubstart Demo/Preview Content\"";
				DEVELOPMENT_TEAM = 8Q3M8DT27X;
				ENABLE_HARDENED_RUNTIME = YES;
				ENABLE_PREVIEWS = YES;
				GENERATE_INFOPLIST_FILE = YES;
				"INFOPLIST_KEY_UIApplicationSceneManifest_Generation[sdk=iphoneos*]" = YES;
				"INFOPLIST_KEY_UIApplicationSceneManifest_Generation[sdk=iphonesimulator*]" = YES;
				"INFOPLIST_KEY_UIApplicationSupportsIndirectInputEvents[sdk=iphoneos*]" = YES;
				"INFOPLIST_KEY_UIApplicationSupportsIndirectInputEvents[sdk=iphonesimulator*]" = YES;
				"INFOPLIST_KEY_UILaunchScreen_Generation[sdk=iphoneos*]" = YES;
				"INFOPLIST_KEY_UILaunchScreen_Generation[sdk=iphonesimulator*]" = YES;
				"INFOPLIST_KEY_UIStatusBarStyle[sdk=iphoneos*]" = UIStatusBarStyleDefault;
				"INFOPLIST_KEY_UIStatusBarStyle[sdk=iphonesimulator*]" = UIStatusBarStyleDefault;
				INFOPLIST_KEY_UISupportedInterfaceOrientations_iPad = "UIInterfaceOrientationPortrait UIInterfaceOrientationPortraitUpsideDown UIInterfaceOrientationLandscapeLeft UIInterfaceOrientationLandscapeRight";
				INFOPLIST_KEY_UISupportedInterfaceOrientations_iPhone = "UIInterfaceOrientationPortrait UIInterfaceOrientationLandscapeLeft UIInterfaceOrientationLandscapeRight";
				IPHONEOS_DEPLOYMENT_TARGET = 16.4;
				LD_RUNPATH_SEARCH_PATHS = "@executable_path/Frameworks";
				"LD_RUNPATH_SEARCH_PATHS[sdk=macosx*]" = "@executable_path/../Frameworks";
				MACOSX_DEPLOYMENT_TARGET = 13.3;
				MARKETING_VERSION = 1.0;
				PRODUCT_BUNDLE_IDENTIFIER = "ZiyueShang.Cubstart-Demo";
				PRODUCT_NAME = "$(TARGET_NAME)";
				SDKROOT = auto;
				SUPPORTED_PLATFORMS = "iphoneos iphonesimulator macosx";
				SWIFT_EMIT_LOC_STRINGS = YES;
				SWIFT_VERSION = 5.0;
				TARGETED_DEVICE_FAMILY = "1,2";
			};
			name = Debug;
		};
		7077D63A2AB421E400CB292C /* Release */ = {
			isa = XCBuildConfiguration;
			buildSettings = {
				ASSETCATALOG_COMPILER_APPICON_NAME = AppIcon;
				ASSETCATALOG_COMPILER_GLOBAL_ACCENT_COLOR_NAME = AccentColor;
				CODE_SIGN_ENTITLEMENTS = "Cubstart Demo/Cubstart_Demo.entitlements";
				CODE_SIGN_STYLE = Automatic;
				CURRENT_PROJECT_VERSION = 1;
				DEVELOPMENT_ASSET_PATHS = "\"Cubstart Demo/Preview Content\"";
				DEVELOPMENT_TEAM = 8Q3M8DT27X;
				ENABLE_HARDENED_RUNTIME = YES;
				ENABLE_PREVIEWS = YES;
				GENERATE_INFOPLIST_FILE = YES;
				"INFOPLIST_KEY_UIApplicationSceneManifest_Generation[sdk=iphoneos*]" = YES;
				"INFOPLIST_KEY_UIApplicationSceneManifest_Generation[sdk=iphonesimulator*]" = YES;
				"INFOPLIST_KEY_UIApplicationSupportsIndirectInputEvents[sdk=iphoneos*]" = YES;
				"INFOPLIST_KEY_UIApplicationSupportsIndirectInputEvents[sdk=iphonesimulator*]" = YES;
				"INFOPLIST_KEY_UILaunchScreen_Generation[sdk=iphoneos*]" = YES;
				"INFOPLIST_KEY_UILaunchScreen_Generation[sdk=iphonesimulator*]" = YES;
				"INFOPLIST_KEY_UIStatusBarStyle[sdk=iphoneos*]" = UIStatusBarStyleDefault;
				"INFOPLIST_KEY_UIStatusBarStyle[sdk=iphonesimulator*]" = UIStatusBarStyleDefault;
				INFOPLIST_KEY_UISupportedInterfaceOrientations_iPad = "UIInterfaceOrientationPortrait UIInterfaceOrientationPortraitUpsideDown UIInterfaceOrientationLandscapeLeft UIInterfaceOrientationLandscapeRight";
				INFOPLIST_KEY_UISupportedInterfaceOrientations_iPhone = "UIInterfaceOrientationPortrait UIInterfaceOrientationLandscapeLeft UIInterfaceOrientationLandscapeRight";
				IPHONEOS_DEPLOYMENT_TARGET = 16.4;
				LD_RUNPATH_SEARCH_PATHS = "@executable_path/Frameworks";
				"LD_RUNPATH_SEARCH_PATHS[sdk=macosx*]" = "@executable_path/../Frameworks";
				MACOSX_DEPLOYMENT_TARGET = 13.3;
				MARKETING_VERSION = 1.0;
				PRODUCT_BUNDLE_IDENTIFIER = "ZiyueShang.Cubstart-Demo";
				PRODUCT_NAME = "$(TARGET_NAME)";
				SDKROOT = auto;
				SUPPORTED_PLATFORMS = "iphoneos iphonesimulator macosx";
				SWIFT_EMIT_LOC_STRINGS = YES;
				SWIFT_VERSION = 5.0;
				TARGETED_DEVICE_FAMILY = "1,2";
			};
			name = Release;
		};
		7077D63C2AB421E400CB292C /* Debug */ = {
			isa = XCBuildConfiguration;
			buildSettings = {
				ALWAYS_EMBED_SWIFT_STANDARD_LIBRARIES = YES;
				BUNDLE_LOADER = "$(TEST_HOST)";
				CODE_SIGN_STYLE = Automatic;
				CURRENT_PROJECT_VERSION = 1;
				DEVELOPMENT_TEAM = 8Q3M8DT27X;
				GENERATE_INFOPLIST_FILE = YES;
				IPHONEOS_DEPLOYMENT_TARGET = 16.4;
				MACOSX_DEPLOYMENT_TARGET = 13.3;
				MARKETING_VERSION = 1.0;
				PRODUCT_BUNDLE_IDENTIFIER = "ZiyueShang.Cubstart-DemoTests";
				PRODUCT_NAME = "$(TARGET_NAME)";
				SDKROOT = auto;
				SUPPORTED_PLATFORMS = "iphoneos iphonesimulator macosx";
				SWIFT_EMIT_LOC_STRINGS = NO;
				SWIFT_VERSION = 5.0;
				TARGETED_DEVICE_FAMILY = "1,2";
				TEST_HOST = "$(BUILT_PRODUCTS_DIR)/Cubstart Demo.app/$(BUNDLE_EXECUTABLE_FOLDER_PATH)/Cubstart Demo";
			};
			name = Debug;
		};
		7077D63D2AB421E400CB292C /* Release */ = {
			isa = XCBuildConfiguration;
			buildSettings = {
				ALWAYS_EMBED_SWIFT_STANDARD_LIBRARIES = YES;
				BUNDLE_LOADER = "$(TEST_HOST)";
				CODE_SIGN_STYLE = Automatic;
				CURRENT_PROJECT_VERSION = 1;
				DEVELOPMENT_TEAM = 8Q3M8DT27X;
				GENERATE_INFOPLIST_FILE = YES;
				IPHONEOS_DEPLOYMENT_TARGET = 16.4;
				MACOSX_DEPLOYMENT_TARGET = 13.3;
				MARKETING_VERSION = 1.0;
				PRODUCT_BUNDLE_IDENTIFIER = "ZiyueShang.Cubstart-DemoTests";
				PRODUCT_NAME = "$(TARGET_NAME)";
				SDKROOT = auto;
				SUPPORTED_PLATFORMS = "iphoneos iphonesimulator macosx";
				SWIFT_EMIT_LOC_STRINGS = NO;
				SWIFT_VERSION = 5.0;
				TARGETED_DEVICE_FAMILY = "1,2";
				TEST_HOST = "$(BUILT_PRODUCTS_DIR)/Cubstart Demo.app/$(BUNDLE_EXECUTABLE_FOLDER_PATH)/Cubstart Demo";
			};
			name = Release;
		};
		7077D63F2AB421E400CB292C /* Debug */ = {
			isa = XCBuildConfiguration;
			buildSettings = {
				ALWAYS_EMBED_SWIFT_STANDARD_LIBRARIES = YES;
				CODE_SIGN_STYLE = Automatic;
				CURRENT_PROJECT_VERSION = 1;
				DEVELOPMENT_TEAM = 8Q3M8DT27X;
				GENERATE_INFOPLIST_FILE = YES;
				IPHONEOS_DEPLOYMENT_TARGET = 16.4;
				MACOSX_DEPLOYMENT_TARGET = 13.3;
				MARKETING_VERSION = 1.0;
				PRODUCT_BUNDLE_IDENTIFIER = "ZiyueShang.Cubstart-DemoUITests";
				PRODUCT_NAME = "$(TARGET_NAME)";
				SDKROOT = auto;
				SUPPORTED_PLATFORMS = "iphoneos iphonesimulator macosx";
				SWIFT_EMIT_LOC_STRINGS = NO;
				SWIFT_VERSION = 5.0;
				TARGETED_DEVICE_FAMILY = "1,2";
				TEST_TARGET_NAME = "Cubstart Demo";
			};
			name = Debug;
		};
		7077D6402AB421E400CB292C /* Release */ = {
			isa = XCBuildConfiguration;
			buildSettings = {
				ALWAYS_EMBED_SWIFT_STANDARD_LIBRARIES = YES;
				CODE_SIGN_STYLE = Automatic;
				CURRENT_PROJECT_VERSION = 1;
				DEVELOPMENT_TEAM = 8Q3M8DT27X;
				GENERATE_INFOPLIST_FILE = YES;
				IPHONEOS_DEPLOYMENT_TARGET = 16.4;
				MACOSX_DEPLOYMENT_TARGET = 13.3;
				MARKETING_VERSION = 1.0;
				PRODUCT_BUNDLE_IDENTIFIER = "ZiyueShang.Cubstart-DemoUITests";
				PRODUCT_NAME = "$(TARGET_NAME)";
				SDKROOT = auto;
				SUPPORTED_PLATFORMS = "iphoneos iphonesimulator macosx";
				SWIFT_EMIT_LOC_STRINGS = NO;
				SWIFT_VERSION = 5.0;
				TARGETED_DEVICE_FAMILY = "1,2";
				TEST_TARGET_NAME = "Cubstart Demo";
			};
			name = Release;
		};
/* End XCBuildConfiguration section */

/* Begin XCConfigurationList section */
		7077D60E2AB421DE00CB292C /* Build configuration list for PBXProject "Cubstart Demo" */ = {
			isa = XCConfigurationList;
			buildConfigurations = (
				7077D6362AB421E400CB292C /* Debug */,
				7077D6372AB421E400CB292C /* Release */,
			);
			defaultConfigurationIsVisible = 0;
			defaultConfigurationName = Release;
		};
		7077D6382AB421E400CB292C /* Build configuration list for PBXNativeTarget "Cubstart Demo" */ = {
			isa = XCConfigurationList;
			buildConfigurations = (
				7077D6392AB421E400CB292C /* Debug */,
				7077D63A2AB421E400CB292C /* Release */,
			);
			defaultConfigurationIsVisible = 0;
			defaultConfigurationName = Release;
		};
		7077D63B2AB421E400CB292C /* Build configuration list for PBXNativeTarget "Cubstart DemoTests" */ = {
			isa = XCConfigurationList;
			buildConfigurations = (
				7077D63C2AB421E400CB292C /* Debug */,
				7077D63D2AB421E400CB292C /* Release */,
			);
			defaultConfigurationIsVisible = 0;
			defaultConfigurationName = Release;
		};
		7077D63E2AB421E400CB292C /* Build configuration list for PBXNativeTarget "Cubstart DemoUITests" */ = {
			isa = XCConfigurationList;
			buildConfigurations = (
				7077D63F2AB421E400CB292C /* Debug */,
				7077D6402AB421E400CB292C /* Release */,
			);
			defaultConfigurationIsVisible = 0;
			defaultConfigurationName = Release;
		};
/* End XCConfigurationList section */
	};
	rootObject = 7077D60B2AB421DE00CB292C /* Project object */;
}
